
Microsoft Visual Studio Solution File, Format Version 12.00
# Visual Studio Version 17
VisualStudioVersion = 17.14.35821.62 d17.14
MinimumVisualStudioVersion = 10.0.40219.1
Project("{FAE04EC0-301F-11D3-BF4B-00C04F79EFBC}") = "Module.16.HW", "Module.16.HW\Module.16.HW.csproj", "{DCCECFB1-BACE-4319-B484-ABB83D9B9CD3}"
EndProject
Project("{FAE04EC0-301F-11D3-BF4B-00C04F79EFBC}") = "Calculator.Tests", "Calculator.Tests\Calculator.Tests.csproj", "{CC4C1F16-B9A4-47E7-9E61-62FC03D66A1C}"
EndProject
Global
	GlobalSection(SolutionConfigurationPlatforms) = preSolution
		Debug|Any CPU = Debug|Any CPU
		Release|Any CPU = Release|Any CPU
	EndGlobalSection
	GlobalSection(ProjectConfigurationPlatforms) = postSolution
		{DCCECFB1-BACE-4319-B484-ABB83D9B9CD3}.Debug|Any CPU.ActiveCfg = Debug|Any CPU
		{DCCECFB1-BACE-4319-B484-ABB83D9B9CD3}.Debug|Any CPU.Build.0 = Debug|Any CPU
		{DCCECFB1-BACE-4319-B484-ABB83D9B9CD3}.Release|Any CPU.ActiveCfg = Release|Any CPU
		{DCCECFB1-BACE-4319-B484-ABB83D9B9CD3}.Release|Any CPU.Build.0 = Release|Any CPU
		{CC4C1F16-B9A4-47E7-9E61-62FC03D66A1C}.Debug|Any CPU.ActiveCfg = Debug|Any CPU
		{CC4C1F16-B9A4-47E7-9E61-62FC03D66A1C}.Debug|Any CPU.Build.0 = Debug|Any CPU
		{CC4C1F16-B9A4-47E7-9E61-62FC03D66A1C}.Release|Any CPU.ActiveCfg = Release|Any CPU
		{CC4C1F16-B9A4-47E7-9E61-62FC03D66A1C}.Release|Any CPU.Build.0 = Release|Any CPU
	EndGlobalSection
	GlobalSection(SolutionProperties) = preSolution
		HideSolutionNode = FALSE
	EndGlobalSection
	GlobalSection(ExtensibilityGlobals) = postSolution
		SolutionGuid = {8ED6EC5D-D1A3-4530-948A-8DD6D9B9B50E}
	EndGlobalSection
EndGlobal
